
Microsoft Visual Studio Solution File, Format Version 12.00
# Visual Studio Version 16
VisualStudioVersion = 16.0.28803.156
MinimumVisualStudioVersion = 10.0.40219.1
Project("{9A19103F-16F7-4668-BE54-9A1E7A4F7556}") = "GamingShop", "GamingShop\GamingShop.csproj", "{992290B2-756F-4045-91B8-03679378364E}"
EndProject
Global
	GlobalSection(SolutionConfigurationPlatforms) = preSolution
		Debug|Any CPU = Debug|Any CPU
		Release|Any CPU = Release|Any CPU
	EndGlobalSection
	GlobalSection(ProjectConfigurationPlatforms) = postSolution
		{992290B2-756F-4045-91B8-03679378364E}.Debug|Any CPU.ActiveCfg = Debug|Any CPU
		{992290B2-756F-4045-91B8-03679378364E}.Debug|Any CPU.Build.0 = Debug|Any CPU
		{992290B2-756F-4045-91B8-03679378364E}.Release|Any CPU.ActiveCfg = Release|Any CPU
		{992290B2-756F-4045-91B8-03679378364E}.Release|Any CPU.Build.0 = Release|Any CPU
	EndGlobalSection
	GlobalSection(SolutionProperties) = preSolution
		HideSolutionNode = FALSE
	EndGlobalSection
	GlobalSection(ExtensibilityGlobals) = postSolution
		SolutionGuid = {8C58A340-7802-42AC-9FC3-0DB93780F872}
	EndGlobalSection
EndGlobal
